
Microsoft Visual Studio Solution File, Format Version 12.00
# Visual Studio Version 16
VisualStudioVersion = 16.0.31205.134
MinimumVisualStudioVersion = 10.0.40219.1
Project("{FAE04EC0-301F-11D3-BF4B-00C04F79EFBC}") = "FileWatcherService", "FileWatcherService\FileWatcherService.csproj", "{15A3C470-BEE0-44EC-AD78-61F42708D364}"
EndProject
Global
	GlobalSection(SolutionConfigurationPlatforms) = preSolution
		Debug|Any CPU = Debug|Any CPU
		Release|Any CPU = Release|Any CPU
	EndGlobalSection
	GlobalSection(ProjectConfigurationPlatforms) = postSolution
		{15A3C470-BEE0-44EC-AD78-61F42708D364}.Debug|Any CPU.ActiveCfg = Debug|Any CPU
		{15A3C470-BEE0-44EC-AD78-61F42708D364}.Debug|Any CPU.Build.0 = Debug|Any CPU
		{15A3C470-BEE0-44EC-AD78-61F42708D364}.Release|Any CPU.ActiveCfg = Release|Any CPU
		{15A3C470-BEE0-44EC-AD78-61F42708D364}.Release|Any CPU.Build.0 = Release|Any CPU
	EndGlobalSection
	GlobalSection(SolutionProperties) = preSolution
		HideSolutionNode = FALSE
	EndGlobalSection
	GlobalSection(ExtensibilityGlobals) = postSolution
		SolutionGuid = {FC1B3DCC-DFE8-465F-A29F-ABC0C5F2A0D4}
	EndGlobalSection
EndGlobal
